
Microsoft Visual Studio Solution File, Format Version 12.00
# Visual Studio 14
VisualStudioVersion = 14.0.25420.1
MinimumVisualStudioVersion = 10.0.40219.1
Project("{FAE04EC0-301F-11D3-BF4B-00C04F79EFBC}") = "Reporting.Library", "Reporting.Library\Reporting.Library.csproj", "{21D0C9F9-35F3-4F70-81E7-EA6331E5951C}"
EndProject
Project("{FAE04EC0-301F-11D3-BF4B-00C04F79EFBC}") = "Reporting.WebApp", "Reporting.WebApp\Reporting.WebApp.csproj", "{FF0AD3FC-81A8-41CE-BECB-94EBC600A3D5}"
EndProject
Project("{FAE04EC0-301F-11D3-BF4B-00C04F79EFBC}") = "Reporting.Library.UnitTests", "Reporting.Library.UnitTests\Reporting.Library.UnitTests.csproj", "{4E414AF5-CBFF-446F-A23B-78FF8B2C7F6B}"
EndProject
Global
	GlobalSection(SolutionConfigurationPlatforms) = preSolution
		Debug|Any CPU = Debug|Any CPU
		Release|Any CPU = Release|Any CPU
	EndGlobalSection
	GlobalSection(ProjectConfigurationPlatforms) = postSolution
		{21D0C9F9-35F3-4F70-81E7-EA6331E5951C}.Debug|Any CPU.ActiveCfg = Debug|Any CPU
		{21D0C9F9-35F3-4F70-81E7-EA6331E5951C}.Debug|Any CPU.Build.0 = Debug|Any CPU
		{21D0C9F9-35F3-4F70-81E7-EA6331E5951C}.Release|Any CPU.ActiveCfg = Release|Any CPU
		{21D0C9F9-35F3-4F70-81E7-EA6331E5951C}.Release|Any CPU.Build.0 = Release|Any CPU
		{FF0AD3FC-81A8-41CE-BECB-94EBC600A3D5}.Debug|Any CPU.ActiveCfg = Debug|Any CPU
		{FF0AD3FC-81A8-41CE-BECB-94EBC600A3D5}.Debug|Any CPU.Build.0 = Debug|Any CPU
		{FF0AD3FC-81A8-41CE-BECB-94EBC600A3D5}.Release|Any CPU.ActiveCfg = Release|Any CPU
		{FF0AD3FC-81A8-41CE-BECB-94EBC600A3D5}.Release|Any CPU.Build.0 = Release|Any CPU
		{4E414AF5-CBFF-446F-A23B-78FF8B2C7F6B}.Debug|Any CPU.ActiveCfg = Debug|Any CPU
		{4E414AF5-CBFF-446F-A23B-78FF8B2C7F6B}.Debug|Any CPU.Build.0 = Debug|Any CPU
		{4E414AF5-CBFF-446F-A23B-78FF8B2C7F6B}.Release|Any CPU.ActiveCfg = Release|Any CPU
		{4E414AF5-CBFF-446F-A23B-78FF8B2C7F6B}.Release|Any CPU.Build.0 = Release|Any CPU
	EndGlobalSection
	GlobalSection(SolutionProperties) = preSolution
		HideSolutionNode = FALSE
	EndGlobalSection
EndGlobal
